
Microsoft Visual Studio Solution File, Format Version 12.00
# Visual Studio Version 16
VisualStudioVersion = 16.0.30330.147
MinimumVisualStudioVersion = 10.0.40219.1
Project("{8BC9CEB8-8B4A-11D0-8D11-00A0C91BC942}") = "WriteDigitsIntoWords", "WriteDigitsIntoWords.vcxproj", "{CAEA5A85-4445-417D-8F81-9122B19C6DD7}"
EndProject
Project("{8BC9CEB8-8B4A-11D0-8D11-00A0C91BC942}") = "WriteDigitsIntoWordsTest", "..\WriteDigitsIntoWordsTest\WriteDigitsIntoWordsTest.vcxproj", "{2BE56214-68A9-4CEA-B49C-F4413E25BE16}"
EndProject
Global
	GlobalSection(SolutionConfigurationPlatforms) = preSolution
		Debug|x64 = Debug|x64
		Debug|x86 = Debug|x86
		Release|x64 = Release|x64
		Release|x86 = Release|x86
	EndGlobalSection
	GlobalSection(ProjectConfigurationPlatforms) = postSolution
		{CAEA5A85-4445-417D-8F81-9122B19C6DD7}.Debug|x64.ActiveCfg = Debug|x64
		{CAEA5A85-4445-417D-8F81-9122B19C6DD7}.Debug|x64.Build.0 = Debug|x64
		{CAEA5A85-4445-417D-8F81-9122B19C6DD7}.Debug|x86.ActiveCfg = Debug|Win32
		{CAEA5A85-4445-417D-8F81-9122B19C6DD7}.Debug|x86.Build.0 = Debug|Win32
		{CAEA5A85-4445-417D-8F81-9122B19C6DD7}.Release|x64.ActiveCfg = Release|x64
		{CAEA5A85-4445-417D-8F81-9122B19C6DD7}.Release|x64.Build.0 = Release|x64
		{CAEA5A85-4445-417D-8F81-9122B19C6DD7}.Release|x86.ActiveCfg = Release|Win32
		{CAEA5A85-4445-417D-8F81-9122B19C6DD7}.Release|x86.Build.0 = Release|Win32
		{2BE56214-68A9-4CEA-B49C-F4413E25BE16}.Debug|x64.ActiveCfg = Debug|x64
		{2BE56214-68A9-4CEA-B49C-F4413E25BE16}.Debug|x64.Build.0 = Debug|x64
		{2BE56214-68A9-4CEA-B49C-F4413E25BE16}.Debug|x86.ActiveCfg = Debug|Win32
		{2BE56214-68A9-4CEA-B49C-F4413E25BE16}.Debug|x86.Build.0 = Debug|Win32
		{2BE56214-68A9-4CEA-B49C-F4413E25BE16}.Release|x64.ActiveCfg = Release|x64
		{2BE56214-68A9-4CEA-B49C-F4413E25BE16}.Release|x64.Build.0 = Release|x64
		{2BE56214-68A9-4CEA-B49C-F4413E25BE16}.Release|x86.ActiveCfg = Release|Win32
		{2BE56214-68A9-4CEA-B49C-F4413E25BE16}.Release|x86.Build.0 = Release|Win32
	EndGlobalSection
	GlobalSection(SolutionProperties) = preSolution
		HideSolutionNode = FALSE
	EndGlobalSection
	GlobalSection(ExtensibilityGlobals) = postSolution
		SolutionGuid = {8D630E49-CCA7-4F2B-BB42-C93CF75F3A16}
	EndGlobalSection
EndGlobal
